# THIS IS AN AUTOGENERATED FILE. DO NOT EDIT THIS FILE DIRECTLY.
# yarn lockfile v1


"@nomiclabs/hardhat-ethers@^2.0.6":
  version "2.1.0"
  resolved "https://registry.yarnpkg.com/@nomiclabs/hardhat-ethers/-/hardhat-ethers-2.1.0.tgz#9b7dc94d669ad9dc286b94f6f2f1513118c7027b"
  integrity sha512-vlW90etB3675QWG7tMrHaDoTa7ymMB7irM4DAQ98g8zJoe9YqEggeDnbO6v5b+BLth/ty4vN6Ko/kaqRN1krHw==
